
Microsoft Visual Studio Solution File, Format Version 12.00
# Visual Studio Version 17
VisualStudioVersion = 17.12.35514.174
MinimumVisualStudioVersion = 10.0.40219.1
Project("{9A19103F-16F7-4668-BE54-9A1E7A4F7556}") = "Contracts.Internal", "Contracts.Internal\Contracts.Internal.csproj", "{D4B40C33-4BAA-40F1-B8D9-267B1F4FE9EB}"
EndProject
Project("{9A19103F-16F7-4668-BE54-9A1E7A4F7556}") = "LanguageServerHost", "LanguageServerHost\LanguageServerHost.csproj", "{6E69609B-CE4B-42BF-ADBB-5701C2E97948}"
EndProject
Project("{9A19103F-16F7-4668-BE54-9A1E7A4F7556}") = "Impl.Language.Yaml", "Impl.Language.Yaml\Impl.Language.Yaml.csproj", "{001779C4-399A-4FE8-9543-9BDFA6676F46}"
EndProject
Project("{9A19103F-16F7-4668-BE54-9A1E7A4F7556}") = "Impl.Core", "Impl.Core\Impl.Core.csproj", "{C839B3A2-BE7E-45DD-83CB-5CC1246F6E7B}"
EndProject
Project("{FAE04EC0-301F-11D3-BF4B-00C04F79EFBC}") = "Impl.YamlSourceTree", "Impl.YamlSourceTree\Impl.YamlSourceTree.csproj", "{66CBFFAF-C1EF-4C73-BA96-2C4995316AD8}"
EndProject
Project("{FAE04EC0-301F-11D3-BF4B-00C04F79EFBC}") = "Impl.Language.CopilotStudio", "Impl.Language.CopilotStudio\Impl.Language.CopilotStudio.csproj", "{3D01AEC6-CA57-40F4-B8A2-1FA51BDC5F25}"
EndProject
Project("{FAE04EC0-301F-11D3-BF4B-00C04F79EFBC}") = "Impl.Language.PowerFx", "Impl.Language.PowerFx\Impl.Language.PowerFx.csproj", "{4227DA19-DCC3-4A61-AF29-97E03DF181EA}"
EndProject
Project("{2150E333-8FDC-42A3-9474-1A3956D46DE8}") = "UnitTests", "UnitTests", "{02EA681E-C7D8-13C7-8484-4AC65E1B71E8}"
EndProject
Project("{FAE04EC0-301F-11D3-BF4B-00C04F79EFBC}") = "PowerPlatformLS.UnitTests", "UnitTests\PowerPlatformLS.UnitTests\PowerPlatformLS.UnitTests.csproj", "{B35CB4AC-0F11-4C28-90D9-1E124C217DA6}"
EndProject
Project("{2150E333-8FDC-42A3-9474-1A3956D46DE8}") = "CLaSP", "CLaSP", "{DDF3E6FB-F3AC-4392-80BF-DA697CBBA46C}"
EndProject
Project("{FAE04EC0-301F-11D3-BF4B-00C04F79EFBC}") = "Microsoft.CommonLanguageServerProtocol.Framework", "..\CLaSP\Microsoft.CommonLanguageServerProtocol.Framework.csproj", "{8D0B3BC3-3B09-84C6-F4CD-8ED1D71BE349}"
EndProject
Project("{FAE04EC0-301F-11D3-BF4B-00C04F79EFBC}") = "Contracts.Lsp", "Contracts.Lsp\Contracts.Lsp.csproj", "{0E6FA948-4DD5-1786-3A97-CB55441F6D04}"
EndProject
Project("{FAE04EC0-301F-11D3-BF4B-00C04F79EFBC}") = "Impl.PullAgent", "Impl.PullAgent\Impl.PullAgent.csproj", "{7ED0426C-56B3-49C3-8851-161DC027B1D9}"
EndProject
Project("{FAE04EC0-301F-11D3-BF4B-00C04F79EFBC}") = "Contracts.FileLayout", "Contracts.FileLayout\Contracts.FileLayout.csproj", "{AFFEDFB1-74D0-7AC4-D1FA-326FFEAC2806}"
EndProject
Global
	GlobalSection(SolutionConfigurationPlatforms) = preSolution
		Debug|Any CPU = Debug|Any CPU
		Release|Any CPU = Release|Any CPU
	EndGlobalSection
	GlobalSection(ProjectConfigurationPlatforms) = postSolution
		{D4B40C33-4BAA-40F1-B8D9-267B1F4FE9EB}.Debug|Any CPU.ActiveCfg = Debug|Any CPU
		{D4B40C33-4BAA-40F1-B8D9-267B1F4FE9EB}.Debug|Any CPU.Build.0 = Debug|Any CPU
		{D4B40C33-4BAA-40F1-B8D9-267B1F4FE9EB}.Release|Any CPU.ActiveCfg = Release|Any CPU
		{D4B40C33-4BAA-40F1-B8D9-267B1F4FE9EB}.Release|Any CPU.Build.0 = Release|Any CPU
		{6E69609B-CE4B-42BF-ADBB-5701C2E97948}.Debug|Any CPU.ActiveCfg = Debug|Any CPU
		{6E69609B-CE4B-42BF-ADBB-5701C2E97948}.Debug|Any CPU.Build.0 = Debug|Any CPU
		{6E69609B-CE4B-42BF-ADBB-5701C2E97948}.Release|Any CPU.ActiveCfg = Release|Any CPU
		{6E69609B-CE4B-42BF-ADBB-5701C2E97948}.Release|Any CPU.Build.0 = Release|Any CPU
		{001779C4-399A-4FE8-9543-9BDFA6676F46}.Debug|Any CPU.ActiveCfg = Debug|Any CPU
		{001779C4-399A-4FE8-9543-9BDFA6676F46}.Debug|Any CPU.Build.0 = Debug|Any CPU
		{001779C4-399A-4FE8-9543-9BDFA6676F46}.Release|Any CPU.ActiveCfg = Release|Any CPU
		{001779C4-399A-4FE8-9543-9BDFA6676F46}.Release|Any CPU.Build.0 = Release|Any CPU
		{C839B3A2-BE7E-45DD-83CB-5CC1246F6E7B}.Debug|Any CPU.ActiveCfg = Debug|Any CPU
		{C839B3A2-BE7E-45DD-83CB-5CC1246F6E7B}.Debug|Any CPU.Build.0 = Debug|Any CPU
		{C839B3A2-BE7E-45DD-83CB-5CC1246F6E7B}.Release|Any CPU.ActiveCfg = Release|Any CPU
		{C839B3A2-BE7E-45DD-83CB-5CC1246F6E7B}.Release|Any CPU.Build.0 = Release|Any CPU
		{66CBFFAF-C1EF-4C73-BA96-2C4995316AD8}.Debug|Any CPU.ActiveCfg = Debug|Any CPU
		{66CBFFAF-C1EF-4C73-BA96-2C4995316AD8}.Debug|Any CPU.Build.0 = Debug|Any CPU
		{66CBFFAF-C1EF-4C73-BA96-2C4995316AD8}.Release|Any CPU.ActiveCfg = Release|Any CPU
		{66CBFFAF-C1EF-4C73-BA96-2C4995316AD8}.Release|Any CPU.Build.0 = Release|Any CPU
		{3D01AEC6-CA57-40F4-B8A2-1FA51BDC5F25}.Debug|Any CPU.ActiveCfg = Debug|Any CPU
		{3D01AEC6-CA57-40F4-B8A2-1FA51BDC5F25}.Debug|Any CPU.Build.0 = Debug|Any CPU
		{3D01AEC6-CA57-40F4-B8A2-1FA51BDC5F25}.Release|Any CPU.ActiveCfg = Release|Any CPU
		{3D01AEC6-CA57-40F4-B8A2-1FA51BDC5F25}.Release|Any CPU.Build.0 = Release|Any CPU
		{4227DA19-DCC3-4A61-AF29-97E03DF181EA}.Debug|Any CPU.ActiveCfg = Debug|Any CPU
		{4227DA19-DCC3-4A61-AF29-97E03DF181EA}.Debug|Any CPU.Build.0 = Debug|Any CPU
		{4227DA19-DCC3-4A61-AF29-97E03DF181EA}.Release|Any CPU.ActiveCfg = Release|Any CPU
		{4227DA19-DCC3-4A61-AF29-97E03DF181EA}.Release|Any CPU.Build.0 = Release|Any CPU
		{B35CB4AC-0F11-4C28-90D9-1E124C217DA6}.Debug|Any CPU.ActiveCfg = Debug|Any CPU
		{B35CB4AC-0F11-4C28-90D9-1E124C217DA6}.Debug|Any CPU.Build.0 = Debug|Any CPU
		{B35CB4AC-0F11-4C28-90D9-1E124C217DA6}.Release|Any CPU.ActiveCfg = Release|Any CPU
		{B35CB4AC-0F11-4C28-90D9-1E124C217DA6}.Release|Any CPU.Build.0 = Release|Any CPU
		{8D0B3BC3-3B09-84C6-F4CD-8ED1D71BE349}.Debug|Any CPU.ActiveCfg = Debug|Any CPU
		{8D0B3BC3-3B09-84C6-F4CD-8ED1D71BE349}.Debug|Any CPU.Build.0 = Debug|Any CPU
		{8D0B3BC3-3B09-84C6-F4CD-8ED1D71BE349}.Release|Any CPU.ActiveCfg = Release|Any CPU
		{8D0B3BC3-3B09-84C6-F4CD-8ED1D71BE349}.Release|Any CPU.Build.0 = Release|Any CPU
		{0E6FA948-4DD5-1786-3A97-CB55441F6D04}.Debug|Any CPU.ActiveCfg = Debug|Any CPU
		{0E6FA948-4DD5-1786-3A97-CB55441F6D04}.Debug|Any CPU.Build.0 = Debug|Any CPU
		{0E6FA948-4DD5-1786-3A97-CB55441F6D04}.Release|Any CPU.ActiveCfg = Release|Any CPU
		{0E6FA948-4DD5-1786-3A97-CB55441F6D04}.Release|Any CPU.Build.0 = Release|Any CPU
		{7ED0426C-56B3-49C3-8851-161DC027B1D9}.Debug|Any CPU.ActiveCfg = Debug|Any CPU
		{7ED0426C-56B3-49C3-8851-161DC027B1D9}.Debug|Any CPU.Build.0 = Debug|Any CPU
		{7ED0426C-56B3-49C3-8851-161DC027B1D9}.Release|Any CPU.ActiveCfg = Release|Any CPU
		{7ED0426C-56B3-49C3-8851-161DC027B1D9}.Release|Any CPU.Build.0 = Release|Any CPU
		{AFFEDFB1-74D0-7AC4-D1FA-326FFEAC2806}.Debug|Any CPU.ActiveCfg = Debug|Any CPU
		{AFFEDFB1-74D0-7AC4-D1FA-326FFEAC2806}.Debug|Any CPU.Build.0 = Debug|Any CPU
		{AFFEDFB1-74D0-7AC4-D1FA-326FFEAC2806}.Release|Any CPU.ActiveCfg = Release|Any CPU
		{AFFEDFB1-74D0-7AC4-D1FA-326FFEAC2806}.Release|Any CPU.Build.0 = Release|Any CPU
	EndGlobalSection
	GlobalSection(SolutionProperties) = preSolution
		HideSolutionNode = FALSE
	EndGlobalSection
	GlobalSection(NestedProjects) = preSolution
		{B35CB4AC-0F11-4C28-90D9-1E124C217DA6} = {02EA681E-C7D8-13C7-8484-4AC65E1B71E8}
		{8D0B3BC3-3B09-84C6-F4CD-8ED1D71BE349} = {DDF3E6FB-F3AC-4392-80BF-DA697CBBA46C}
	EndGlobalSection
	GlobalSection(ExtensibilityGlobals) = postSolution
		SolutionGuid = {C452CEB3-656C-4970-BAC4-EE257DB50866}
	EndGlobalSection
EndGlobal
